
Microsoft Visual Studio Solution File, Format Version 12.00
# Visual Studio 14
VisualStudioVersion = 14.0.25420.1
MinimumVisualStudioVersion = 10.0.40219.1
Project("{8BC9CEB8-8B4A-11D0-8D11-00A0C91BC942}") = "Server", "Server\Server.vcxproj", "{216EADDB-BED0-48B5-AE28-8F72CA8A2BB0}"
EndProject
Project("{8BC9CEB8-8B4A-11D0-8D11-00A0C91BC942}") = "Client", "Client\Client.vcxproj", "{D072E2EB-79F5-4E32-9DDA-3C843ADC7CCB}"
EndProject
Project("{8BC9CEB8-8B4A-11D0-8D11-00A0C91BC942}") = "Server2.0", "Server2.0\Server2.0.vcxproj", "{F07A7A96-10F5-40FA-A906-E21E7CA65357}"
EndProject
Project("{8BC9CEB8-8B4A-11D0-8D11-00A0C91BC942}") = "Client2.0", "Client2.x\Client2.x.vcxproj", "{73450D88-2F08-4E64-88A9-CB2E8E314A0F}"
EndProject
Project("{8BC9CEB8-8B4A-11D0-8D11-00A0C91BC942}") = "Client3.0", "Client3.0\Client3.0.vcxproj", "{A43A636D-29D4-4D3F-9B36-A95205E108C5}"
EndProject
Project("{8BC9CEB8-8B4A-11D0-8D11-00A0C91BC942}") = "Server3.0", "Server3.0\Server3.0.vcxproj", "{2E5DBF8F-C566-4C3F-AB9A-2E06C31A1082}"
EndProject
Project("{8BC9CEB8-8B4A-11D0-8D11-00A0C91BC942}") = "Server4.0", "Server4.0\Server4.0.vcxproj", "{D6E7E93B-2EF2-49EF-AA7C-8F09BB52891C}"
EndProject
Project("{8BC9CEB8-8B4A-11D0-8D11-00A0C91BC942}") = "Client4.0", "Client4.0\Client4.0.vcxproj", "{BF8EB82F-FF30-4192-94DF-4961F53DFE9B}"
EndProject
Project("{8BC9CEB8-8B4A-11D0-8D11-00A0C91BC942}") = "UDPServer", "UDPServer\UDPServer.vcxproj", "{E2E17D21-57E7-4DF6-8F75-8B280EE45BCB}"
EndProject
Project("{8BC9CEB8-8B4A-11D0-8D11-00A0C91BC942}") = "UDPClient", "UDPClient\UDPClient.vcxproj", "{F742BF8C-1E96-4C14-8145-7A2452D77F15}"
EndProject
Global
	GlobalSection(SolutionConfigurationPlatforms) = preSolution
		Debug|x64 = Debug|x64
		Debug|x86 = Debug|x86
		Release|x64 = Release|x64
		Release|x86 = Release|x86
	EndGlobalSection
	GlobalSection(ProjectConfigurationPlatforms) = postSolution
		{216EADDB-BED0-48B5-AE28-8F72CA8A2BB0}.Debug|x64.ActiveCfg = Debug|x64
		{216EADDB-BED0-48B5-AE28-8F72CA8A2BB0}.Debug|x64.Build.0 = Debug|x64
		{216EADDB-BED0-48B5-AE28-8F72CA8A2BB0}.Debug|x86.ActiveCfg = Debug|Win32
		{216EADDB-BED0-48B5-AE28-8F72CA8A2BB0}.Debug|x86.Build.0 = Debug|Win32
		{216EADDB-BED0-48B5-AE28-8F72CA8A2BB0}.Release|x64.ActiveCfg = Release|x64
		{216EADDB-BED0-48B5-AE28-8F72CA8A2BB0}.Release|x64.Build.0 = Release|x64
		{216EADDB-BED0-48B5-AE28-8F72CA8A2BB0}.Release|x86.ActiveCfg = Release|Win32
		{216EADDB-BED0-48B5-AE28-8F72CA8A2BB0}.Release|x86.Build.0 = Release|Win32
		{D072E2EB-79F5-4E32-9DDA-3C843ADC7CCB}.Debug|x64.ActiveCfg = Debug|x64
		{D072E2EB-79F5-4E32-9DDA-3C843ADC7CCB}.Debug|x64.Build.0 = Debug|x64
		{D072E2EB-79F5-4E32-9DDA-3C843ADC7CCB}.Debug|x86.ActiveCfg = Debug|Win32
		{D072E2EB-79F5-4E32-9DDA-3C843ADC7CCB}.Debug|x86.Build.0 = Debug|Win32
		{D072E2EB-79F5-4E32-9DDA-3C843ADC7CCB}.Release|x64.ActiveCfg = Release|x64
		{D072E2EB-79F5-4E32-9DDA-3C843ADC7CCB}.Release|x64.Build.0 = Release|x64
		{D072E2EB-79F5-4E32-9DDA-3C843ADC7CCB}.Release|x86.ActiveCfg = Release|Win32
		{D072E2EB-79F5-4E32-9DDA-3C843ADC7CCB}.Release|x86.Build.0 = Release|Win32
		{F07A7A96-10F5-40FA-A906-E21E7CA65357}.Debug|x64.ActiveCfg = Debug|x64
		{F07A7A96-10F5-40FA-A906-E21E7CA65357}.Debug|x64.Build.0 = Debug|x64
		{F07A7A96-10F5-40FA-A906-E21E7CA65357}.Debug|x86.ActiveCfg = Debug|Win32
		{F07A7A96-10F5-40FA-A906-E21E7CA65357}.Debug|x86.Build.0 = Debug|Win32
		{F07A7A96-10F5-40FA-A906-E21E7CA65357}.Release|x64.ActiveCfg = Release|x64
		{F07A7A96-10F5-40FA-A906-E21E7CA65357}.Release|x64.Build.0 = Release|x64
		{F07A7A96-10F5-40FA-A906-E21E7CA65357}.Release|x86.ActiveCfg = Release|Win32
		{F07A7A96-10F5-40FA-A906-E21E7CA65357}.Release|x86.Build.0 = Release|Win32
		{73450D88-2F08-4E64-88A9-CB2E8E314A0F}.Debug|x64.ActiveCfg = Debug|x64
		{73450D88-2F08-4E64-88A9-CB2E8E314A0F}.Debug|x64.Build.0 = Debug|x64
		{73450D88-2F08-4E64-88A9-CB2E8E314A0F}.Debug|x86.ActiveCfg = Debug|Win32
		{73450D88-2F08-4E64-88A9-CB2E8E314A0F}.Debug|x86.Build.0 = Debug|Win32
		{73450D88-2F08-4E64-88A9-CB2E8E314A0F}.Release|x64.ActiveCfg = Release|x64
		{73450D88-2F08-4E64-88A9-CB2E8E314A0F}.Release|x64.Build.0 = Release|x64
		{73450D88-2F08-4E64-88A9-CB2E8E314A0F}.Release|x86.ActiveCfg = Release|Win32
		{73450D88-2F08-4E64-88A9-CB2E8E314A0F}.Release|x86.Build.0 = Release|Win32
		{A43A636D-29D4-4D3F-9B36-A95205E108C5}.Debug|x64.ActiveCfg = Debug|x64
		{A43A636D-29D4-4D3F-9B36-A95205E108C5}.Debug|x64.Build.0 = Debug|x64
		{A43A636D-29D4-4D3F-9B36-A95205E108C5}.Debug|x86.ActiveCfg = Debug|Win32
		{A43A636D-29D4-4D3F-9B36-A95205E108C5}.Debug|x86.Build.0 = Debug|Win32
		{A43A636D-29D4-4D3F-9B36-A95205E108C5}.Release|x64.ActiveCfg = Release|x64
		{A43A636D-29D4-4D3F-9B36-A95205E108C5}.Release|x64.Build.0 = Release|x64
		{A43A636D-29D4-4D3F-9B36-A95205E108C5}.Release|x86.ActiveCfg = Release|Win32
		{A43A636D-29D4-4D3F-9B36-A95205E108C5}.Release|x86.Build.0 = Release|Win32
		{2E5DBF8F-C566-4C3F-AB9A-2E06C31A1082}.Debug|x64.ActiveCfg = Debug|x64
		{2E5DBF8F-C566-4C3F-AB9A-2E06C31A1082}.Debug|x64.Build.0 = Debug|x64
		{2E5DBF8F-C566-4C3F-AB9A-2E06C31A1082}.Debug|x86.ActiveCfg = Debug|Win32
		{2E5DBF8F-C566-4C3F-AB9A-2E06C31A1082}.Debug|x86.Build.0 = Debug|Win32
		{2E5DBF8F-C566-4C3F-AB9A-2E06C31A1082}.Release|x64.ActiveCfg = Release|x64
		{2E5DBF8F-C566-4C3F-AB9A-2E06C31A1082}.Release|x64.Build.0 = Release|x64
		{2E5DBF8F-C566-4C3F-AB9A-2E06C31A1082}.Release|x86.ActiveCfg = Release|Win32
		{2E5DBF8F-C566-4C3F-AB9A-2E06C31A1082}.Release|x86.Build.0 = Release|Win32
		{D6E7E93B-2EF2-49EF-AA7C-8F09BB52891C}.Debug|x64.ActiveCfg = Debug|x64
		{D6E7E93B-2EF2-49EF-AA7C-8F09BB52891C}.Debug|x64.Build.0 = Debug|x64
		{D6E7E93B-2EF2-49EF-AA7C-8F09BB52891C}.Debug|x86.ActiveCfg = Debug|Win32
		{D6E7E93B-2EF2-49EF-AA7C-8F09BB52891C}.Debug|x86.Build.0 = Debug|Win32
		{D6E7E93B-2EF2-49EF-AA7C-8F09BB52891C}.Release|x64.ActiveCfg = Release|x64
		{D6E7E93B-2EF2-49EF-AA7C-8F09BB52891C}.Release|x64.Build.0 = Release|x64
		{D6E7E93B-2EF2-49EF-AA7C-8F09BB52891C}.Release|x86.ActiveCfg = Release|Win32
		{D6E7E93B-2EF2-49EF-AA7C-8F09BB52891C}.Release|x86.Build.0 = Release|Win32
		{BF8EB82F-FF30-4192-94DF-4961F53DFE9B}.Debug|x64.ActiveCfg = Debug|x64
		{BF8EB82F-FF30-4192-94DF-4961F53DFE9B}.Debug|x64.Build.0 = Debug|x64
		{BF8EB82F-FF30-4192-94DF-4961F53DFE9B}.Debug|x86.ActiveCfg = Debug|Win32
		{BF8EB82F-FF30-4192-94DF-4961F53DFE9B}.Debug|x86.Build.0 = Debug|Win32
		{BF8EB82F-FF30-4192-94DF-4961F53DFE9B}.Release|x64.ActiveCfg = Release|x64
		{BF8EB82F-FF30-4192-94DF-4961F53DFE9B}.Release|x64.Build.0 = Release|x64
		{BF8EB82F-FF30-4192-94DF-4961F53DFE9B}.Release|x86.ActiveCfg = Release|Win32
		{BF8EB82F-FF30-4192-94DF-4961F53DFE9B}.Release|x86.Build.0 = Release|Win32
		{E2E17D21-57E7-4DF6-8F75-8B280EE45BCB}.Debug|x64.ActiveCfg = Debug|x64
		{E2E17D21-57E7-4DF6-8F75-8B280EE45BCB}.Debug|x64.Build.0 = Debug|x64
		{E2E17D21-57E7-4DF6-8F75-8B280EE45BCB}.Debug|x86.ActiveCfg = Debug|Win32
		{E2E17D21-57E7-4DF6-8F75-8B280EE45BCB}.Debug|x86.Build.0 = Debug|Win32
		{E2E17D21-57E7-4DF6-8F75-8B280EE45BCB}.Release|x64.ActiveCfg = Release|x64
		{E2E17D21-57E7-4DF6-8F75-8B280EE45BCB}.Release|x64.Build.0 = Release|x64
		{E2E17D21-57E7-4DF6-8F75-8B280EE45BCB}.Release|x86.ActiveCfg = Release|Win32
		{E2E17D21-57E7-4DF6-8F75-8B280EE45BCB}.Release|x86.Build.0 = Release|Win32
		{F742BF8C-1E96-4C14-8145-7A2452D77F15}.Debug|x64.ActiveCfg = Debug|x64
		{F742BF8C-1E96-4C14-8145-7A2452D77F15}.Debug|x64.Build.0 = Debug|x64
		{F742BF8C-1E96-4C14-8145-7A2452D77F15}.Debug|x86.ActiveCfg = Debug|Win32
		{F742BF8C-1E96-4C14-8145-7A2452D77F15}.Debug|x86.Build.0 = Debug|Win32
		{F742BF8C-1E96-4C14-8145-7A2452D77F15}.Release|x64.ActiveCfg = Release|x64
		{F742BF8C-1E96-4C14-8145-7A2452D77F15}.Release|x64.Build.0 = Release|x64
		{F742BF8C-1E96-4C14-8145-7A2452D77F15}.Release|x86.ActiveCfg = Release|Win32
		{F742BF8C-1E96-4C14-8145-7A2452D77F15}.Release|x86.Build.0 = Release|Win32
	EndGlobalSection
	GlobalSection(SolutionProperties) = preSolution
		HideSolutionNode = FALSE
	EndGlobalSection
EndGlobal
